hash: 7883ca3eb9877617c1b15c1c15e6681f7457995f6fcdf54f196ff3d4d882594e
updated: 2016-08-24T10:14:23.810315107+09:00
imports:
- name: github.com/golang/protobuf
  version: 888eb0692c857ec880338addf316bd662d5e630e
  subpackages:
  - proto
- name: github.com/gonum/blas
  version: 447542bc23b84f8daa64470951a57bb6713d15a1
  subpackages:
  - blas64
  - native
  - native/internal/math32
- name: github.com/gonum/floats
  version: e7dfbda930c8a40d6d1ba9107762aae3e6e47591
- name: github.com/gonum/internal
  version: 495c8ab446bf60264be32be6973302faac6a5695
  subpackages:
  - asm
- name: github.com/gonum/lapack
  version: f031ac4375d5b5dcda3def3f5491e5eaa7141147
  subpackages:
  - lapack64
  - native
- name: github.com/gonum/matrix
  version: 7a12dc272d1b0e2523979f093da43cb10ac150d3
  subpackages:
  - mat64
- name: github.com/nfnt/resize
  version: 891127d8d1b52734debe1b3c3d7e747502b6c366
- name: github.com/Rompei/exmat
  version: 2036713c1308e501bc470474806f7d0463cb0f58
- name: github.com/Rompei/mat
  version: ee581e1692e70696cbbfa2ec4becc49bdf7ea8c1
testImports: []
