hash: 369608d4e5b5b62330752d44547a4f074ac240d05b24ebd63538c0f410125441
updated: 2016-08-15T17:44:41.151351112+09:00
imports:
- name: github.com/golang/protobuf
  version: 2c1988e8c18d14b142c0b472624f71647cf39adb
  subpackages:
  - proto
- name: github.com/gonum/matrix
  version: a4e29827f08e30ac988a5270fff75a598a6d3526
- name: github.com/nfnt/resize
  version: 891127d8d1b52734debe1b3c3d7e747502b6c366
- name: github.com/Rompei/mat
  version: ee581e1692e70696cbbfa2ec4becc49bdf7ea8c1
testImports: []
